
Microsoft Visual Studio Solution File, Format Version 12.00
# Visual Studio Version 16
VisualStudioVersion = 16.0.29020.237
MinimumVisualStudioVersion = 10.0.40219.1
Project("{FAE04EC0-301F-11D3-BF4B-00C04F79EFBC}") = "WpfApp1", "WpfApp1\WpfApp1.csproj", "{515A9205-417F-4938-A207-2937A2AB45E5}"
EndProject
Global
	GlobalSection(SolutionConfigurationPlatforms) = preSolution
		Debug|Any CPU = Debug|Any CPU
		Release|Any CPU = Release|Any CPU
	EndGlobalSection
	GlobalSection(ProjectConfigurationPlatforms) = postSolution
		{515A9205-417F-4938-A207-2937A2AB45E5}.Debug|Any CPU.ActiveCfg = Debug|Any CPU
		{515A9205-417F-4938-A207-2937A2AB45E5}.Debug|Any CPU.Build.0 = Debug|Any CPU
		{515A9205-417F-4938-A207-2937A2AB45E5}.Release|Any CPU.ActiveCfg = Release|Any CPU
		{515A9205-417F-4938-A207-2937A2AB45E5}.Release|Any CPU.Build.0 = Release|Any CPU
	EndGlobalSection
	GlobalSection(SolutionProperties) = preSolution
		HideSolutionNode = FALSE
	EndGlobalSection
	GlobalSection(ExtensibilityGlobals) = postSolution
		SolutionGuid = {81F379F2-83E3-41EB-A8D8-38397FCE3AF8}
	EndGlobalSection
EndGlobal
